
Microsoft Visual Studio Solution File, Format Version 12.00
Project("{FAE04EC0-301F-11D3-BF4B-00C04F79EFBC}") = "pract_30_05_20", "pract_30_05_20\pract_30_05_20.csproj", "{D932CB31-0756-4D5B-83C4-49B8C6440B3D}"
EndProject
Global
	GlobalSection(SolutionConfigurationPlatforms) = preSolution
		Debug|Any CPU = Debug|Any CPU
		Release|Any CPU = Release|Any CPU
	EndGlobalSection
	GlobalSection(ProjectConfigurationPlatforms) = postSolution
		{D932CB31-0756-4D5B-83C4-49B8C6440B3D}.Debug|Any CPU.ActiveCfg = Debug|Any CPU
		{D932CB31-0756-4D5B-83C4-49B8C6440B3D}.Debug|Any CPU.Build.0 = Debug|Any CPU
		{D932CB31-0756-4D5B-83C4-49B8C6440B3D}.Release|Any CPU.ActiveCfg = Release|Any CPU
		{D932CB31-0756-4D5B-83C4-49B8C6440B3D}.Release|Any CPU.Build.0 = Release|Any CPU
	EndGlobalSection
EndGlobal
